
Microsoft Visual Studio Solution File, Format Version 12.00
# Visual Studio Version 16
VisualStudioVersion = 16.0.31624.102
MinimumVisualStudioVersion = 10.0.40219.1
Project("{FAE04EC0-301F-11D3-BF4B-00C04F79EFBC}") = "helloworld", "helloworld\helloworld.csproj", "{737FBB0B-4695-4104-B4C3-93C2AC63FB6D}"
EndProject
Global
	GlobalSection(SolutionConfigurationPlatforms) = preSolution
		Debug|Any CPU = Debug|Any CPU
		Release|Any CPU = Release|Any CPU
	EndGlobalSection
	GlobalSection(ProjectConfigurationPlatforms) = postSolution
		{737FBB0B-4695-4104-B4C3-93C2AC63FB6D}.Debug|Any CPU.ActiveCfg = Debug|Any CPU
		{737FBB0B-4695-4104-B4C3-93C2AC63FB6D}.Debug|Any CPU.Build.0 = Debug|Any CPU
		{737FBB0B-4695-4104-B4C3-93C2AC63FB6D}.Release|Any CPU.ActiveCfg = Release|Any CPU
		{737FBB0B-4695-4104-B4C3-93C2AC63FB6D}.Release|Any CPU.Build.0 = Release|Any CPU
	EndGlobalSection
	GlobalSection(SolutionProperties) = preSolution
		HideSolutionNode = FALSE
	EndGlobalSection
	GlobalSection(ExtensibilityGlobals) = postSolution
		SolutionGuid = {CFFAB33E-B639-467E-B7AB-EBA143306405}
	EndGlobalSection
EndGlobal
